{
  "name": "dhtmlx-gantt",
  "version": "8.0.10",
  "lockfileVersion": 3,
  "requires": true,
  "packages": {
    "": {
      "name": "dhtmlx-gantt",
      "version": "8.0.10",
      "license": "GPL-2.0",
      "dependencies": {
        "dhtmlx-gantt": "file:"
      }
    },
    "node_modules/dhtmlx-gantt": {
      "resolved": "",
      "link": true
    }
  }
}
